<Solution>
  <Project Path="Assembly-CSharp.csproj" />
  <Project Path="TinyGiantStudio.BetterInspector.BetterMesh.Editor.csproj" />
  <Project Path="Assembly-CSharp-firstpass.csproj" />
  <Project Path="Assembly-CSharp-Editor.csproj" />
  <Project Path="TinyGiantStudio.BetterInspector.Editor.csproj" />
  <Project Path="TinyGiantStudio.BetterMesh.csproj" />
  <Project Path="TinyGiantStudio.BetterInspector.csproj" />
</Solution>
